// !$*UTF8*$!
{
	archiveVersion = 1;
	classes = {
	};
	objectVersion = 46;
	objects = {

/* Begin PBXBuildFile section */
		6DA4F8B51B06BD5F004BAE46 /* main.m in Sources */ = {isa = PBXBuildFile; fileRef = 6DA4F8B41B06BD5F004BAE46 /* main.m */; };
		6DA4F8B81B06BD61004BAE46 /* AppDelegate.m in Sources */ = {isa = PBXBuildFile; fileRef = 6DA4F8B71B06BD61004BAE46 /* AppDelegate.m */; };
		6DA4F8C11B06BD65004BAE46 /* Main.storyboard in Resources */ = {isa = PBXBuildFile; fileRef = 6DA4F8BF1B06BD65004BAE46 /* Main.storyboard */; };
		6DA4F8C31B06BD66004BAE46 /* Images.xcassets in Resources */ = {isa = PBXBuildFile; fileRef = 6DA4F8C21B06BD66004BAE46 /* Images.xcassets */; };
		6DA4F8C61B06BD67004BAE46 /* LaunchScreen.xib in Resources */ = {isa = PBXBuildFile; fileRef = 6DA4F8C41B06BD67004BAE46 /* LaunchScreen.xib */; };
		6DA4F8D21B06BD69004BAE46 /* CameraCollectionTests.m in Sources */ = {isa = PBXBuildFile; fileRef = 6DA4F8D11B06BD69004BAE46 /* CameraCollectionTests.m */; };
		6DA4F8DD1B06BE25004BAE46 /* CameraCollectionViewController.m in Sources */ = {isa = PBXBuildFile; fileRef = 6DA4F8DC1B06BE25004BAE46 /* CameraCollectionViewController.m */; };
		6DA4F8E01B06BFD2004BAE46 /* CameraCell.m in Sources */ = {isa = PBXBuildFile; fileRef = 6DA4F8DF1B06BFD2004BAE46 /* CameraCell.m */; };
		6DA4F8E31B06C1B3004BAE46 /* Camera.m in Sources */ = {isa = PBXBuildFile; fileRef = 6DA4F8E21B06C1B3004BAE46 /* Camera.m */; };
/* End PBXBuildFile section */

/* Begin PBXContainerItemProxy section */
		6DA4F8CC1B06BD67004BAE46 /* PBXContainerItemProxy */ = {
			isa = PBXContainerItemProxy;
			containerPortal = 6DA4F8A71B06BD5B004BAE46 /* Project object */;
			proxyType = 1;
			remoteGlobalIDString = 6DA4F8AE1B06BD5C004BAE46;
			remoteInfo = CameraCollection;
		};
/* End PBXContainerItemProxy section */

/* Begin PBXFileReference section */
		6DA4F8AF1B06BD5C004BAE46 /* CameraCollection.app */ = {isa = PBXFileReference; explicitFileType = wrapper.application; includeInIndex = 0; path = CameraCollection.app; sourceTree = BUILT_PRODUCTS_DIR; };
		6DA4F8B31B06BD5E004BAE46 /* Info.plist */ = {isa = PBXFileReference; lastKnownFileType = text.plist.xml; path = Info.plist; sourceTree = "<group>"; };
		6DA4F8B41B06BD5F004BAE46 /* main.m */ = {isa = PBXFileReference; lastKnownFileType = sourcecode.c.objc; path = main.m; sourceTree = "<group>"; };
		6DA4F8B61B06BD60004BAE46 /* AppDelegate.h */ = {isa = PBXFileReference; lastKnownFileType = sourcecode.c.h; path = AppDelegate.h; sourceTree = "<group>"; };
		6DA4F8B71B06BD61004BAE46 /* AppDelegate.m */ = {isa = PBXFileReference; lastKnownFileType = sourcecode.c.objc; path = AppDelegate.m; sourceTree = "<group>"; };
		6DA4F8C01B06BD65004BAE46 /* Base */ = {isa = PBXFileReference; lastKnownFileType = file.storyboard; name = Base; path = Base.lproj/Main.storyboard; sourceTree = "<group>"; };
		6DA4F8C21B06BD66004BAE46 /* Images.xcassets */ = {isa = PBXFileReference; lastKnownFileType = folder.assetcatalog; path = Images.xcassets; sourceTree = "<group>"; };
		6DA4F8C51B06BD67004BAE46 /* Base */ = {isa = PBXFileReference; lastKnownFileType = file.xib; name = Base; path = Base.lproj/LaunchScreen.xib; sourceTree = "<group>"; };
		6DA4F8CB1B06BD67004BAE46 /* CameraCollectionTests.xctest */ = {isa = PBXFileReference; explicitFileType = wrapper.cfbundle; includeInIndex = 0; path = CameraCollectionTests.xctest; sourceTree = BUILT_PRODUCTS_DIR; };
		6DA4F8D01B06BD68004BAE46 /* Info.plist */ = {isa = PBXFileReference; lastKnownFileType = text.plist.xml; path = Info.plist; sourceTree = "<group>"; };
		6DA4F8D11B06BD69004BAE46 /* CameraCollectionTests.m */ = {isa = PBXFileReference; lastKnownFileType = sourcecode.c.objc; path = CameraCollectionTests.m; sourceTree = "<group>"; };
		6DA4F8DB1B06BE25004BAE46 /* CameraCollectionViewController.h */ = {isa = PBXFileReference; fileEncoding = 4; lastKnownFileType = sourcecode.c.h; path = CameraCollectionViewController.h; sourceTree = "<group>"; };
		6DA4F8DC1B06BE25004BAE46 /* CameraCollectionViewController.m */ = {isa = PBXFileReference; fileEncoding = 4; lastKnownFileType = sourcecode.c.objc; path = CameraCollectionViewController.m; sourceTree = "<group>"; };
		6DA4F8DE1B06BFD2004BAE46 /* CameraCell.h */ = {isa = PBXFileReference; fileEncoding = 4; lastKnownFileType = sourcecode.c.h; path = CameraCell.h; sourceTree = "<group>"; };
		6DA4F8DF1B06BFD2004BAE46 /* CameraCell.m */ = {isa = PBXFileReference; fileEncoding = 4; lastKnownFileType = sourcecode.c.objc; path = CameraCell.m; sourceTree = "<group>"; };
		6DA4F8E11B06C1B3004BAE46 /* Camera.h */ = {isa = PBXFileReference; fileEncoding = 4; lastKnownFileType = sourcecode.c.h; path = Camera.h; sourceTree = "<group>"; };
		6DA4F8E21B06C1B3004BAE46 /* Camera.m */ = {isa = PBXFileReference; fileEncoding = 4; lastKnownFileType = sourcecode.c.objc; path = Camera.m; sourceTree = "<group>"; };
/* End PBXFileReference section */

/* Begin PBXFrameworksBuildPhase section */
		6DA4F8AC1B06BD5C004BAE46 /* Frameworks */ = {
			isa = PBXFrameworksBuildPhase;
			buildActionMask = 2147483647;
			files = (
			);
			runOnlyForDeploymentPostprocessing = 0;
		};
		6DA4F8C81B06BD67004BAE46 /* Frameworks */ = {
			isa = PBXFrameworksBuildPhase;
			buildActionMask = 2147483647;
			files = (
			);
			runOnlyForDeploymentPostprocessing = 0;
		};
/* End PBXFrameworksBuildPhase section */

/* Begin PBXGroup section */
		6DA4F8A61B06BD5A004BAE46 = {
			isa = PBXGroup;
			children = (
				6DA4F8B11B06BD5C004BAE46 /* CameraCollection */,
				6DA4F8CE1B06BD67004BAE46 /* CameraCollectionTests */,
				6DA4F8B01B06BD5C004BAE46 /* Products */,
			);
			sourceTree = "<group>";
		};
		6DA4F8B01B06BD5C004BAE46 /* Products */ = {
			isa = PBXGroup;
			children = (
				6DA4F8AF1B06BD5C004BAE46 /* CameraCollection.app */,
				6DA4F8CB1B06BD67004BAE46 /* CameraCollectionTests.xctest */,
			);
			name = Products;
			sourceTree = "<group>";
		};
		6DA4F8B11B06BD5C004BAE46 /* CameraCollection */ = {
			isa = PBXGroup;
			children = (
				6DA4F8B61B06BD60004BAE46 /* AppDelegate.h */,
				6DA4F8B71B06BD61004BAE46 /* AppDelegate.m */,
				6DA4F8BF1B06BD65004BAE46 /* Main.storyboard */,
				6DA4F8C21B06BD66004BAE46 /* Images.xcassets */,
				6DA4F8C41B06BD67004BAE46 /* LaunchScreen.xib */,
				6DA4F8B21B06BD5E004BAE46 /* Supporting Files */,
				6DA4F8DB1B06BE25004BAE46 /* CameraCollectionViewController.h */,
				6DA4F8DC1B06BE25004BAE46 /* CameraCollectionViewController.m */,
				6DA4F8DE1B06BFD2004BAE46 /* CameraCell.h */,
				6DA4F8DF1B06BFD2004BAE46 /* CameraCell.m */,
				6DA4F8E11B06C1B3004BAE46 /* Camera.h */,
				6DA4F8E21B06C1B3004BAE46 /* Camera.m */,
			);
			path = CameraCollection;
			sourceTree = "<group>";
		};
		6DA4F8B21B06BD5E004BAE46 /* Supporting Files */ = {
			isa = PBXGroup;
			children = (
				6DA4F8B31B06BD5E004BAE46 /* Info.plist */,
				6DA4F8B41B06BD5F004BAE46 /* main.m */,
			);
			name = "Supporting Files";
			sourceTree = "<group>";
		};
		6DA4F8CE1B06BD67004BAE46 /* CameraCollectionTests */ = {
			isa = PBXGroup;
			children = (
				6DA4F8D11B06BD69004BAE46 /* CameraCollectionTests.m */,
				6DA4F8CF1B06BD68004BAE46 /* Supporting Files */,
			);
			path = CameraCollectionTests;
			sourceTree = "<group>";
		};
		6DA4F8CF1B06BD68004BAE46 /* Supporting Files */ = {
			isa = PBXGroup;
			children = (
				6DA4F8D01B06BD68004BAE46 /* Info.plist */,
			);
			name = "Supporting Files";
			sourceTree = "<group>";
		};
/* End PBXGroup section */

/* Begin PBXNativeTarget section */
		6DA4F8AE1B06BD5C004BAE46 /* CameraCollection */ = {
			isa = PBXNativeTarget;
			buildConfigurationList = 6DA4F8D51B06BD69004BAE46 /* Build configuration list for PBXNativeTarget "CameraCollection" */;
			buildPhases = (
				6DA4F8AB1B06BD5C004BAE46 /* Sources */,
				6DA4F8AC1B06BD5C004BAE46 /* Frameworks */,
				6DA4F8AD1B06BD5C004BAE46 /* Resources */,
			);
			buildRules = (
			);
			dependencies = (
			);
			name = CameraCollection;
			productName = CameraCollection;
			productReference = 6DA4F8AF1B06BD5C004BAE46 /* CameraCollection.app */;
			productType = "com.apple.product-type.application";
		};
		6DA4F8CA1B06BD67004BAE46 /* CameraCollectionTests */ = {
			isa = PBXNativeTarget;
			buildConfigurationList = 6DA4F8D81B06BD69004BAE46 /* Build configuration list for PBXNativeTarget "CameraCollectionTests" */;
			buildPhases = (
				6DA4F8C71B06BD67004BAE46 /* Sources */,
				6DA4F8C81B06BD67004BAE46 /* Frameworks */,
				6DA4F8C91B06BD67004BAE46 /* Resources */,
			);
			buildRules = (
			);
			dependencies = (
				6DA4F8CD1B06BD67004BAE46 /* PBXTargetDependency */,
			);
			name = CameraCollectionTests;
			productName = CameraCollectionTests;
			productReference = 6DA4F8CB1B06BD67004BAE46 /* CameraCollectionTests.xctest */;
			productType = "com.apple.product-type.bundle.unit-test";
		};
/* End PBXNativeTarget section */

/* Begin PBXProject section */
		6DA4F8A71B06BD5B004BAE46 /* Project object */ = {
			isa = PBXProject;
			attributes = {
				LastUpgradeCheck = 0630;
				ORGANIZATIONNAME = BitLaunch;
				TargetAttributes = {
					6DA4F8AE1B06BD5C004BAE46 = {
						CreatedOnToolsVersion = 6.3.1;
					};
					6DA4F8CA1B06BD67004BAE46 = {
						CreatedOnToolsVersion = 6.3.1;
						TestTargetID = 6DA4F8AE1B06BD5C004BAE46;
					};
				};
			};
			buildConfigurationList = 6DA4F8AA1B06BD5B004BAE46 /* Build configuration list for PBXProject "CameraCollection" */;
			compatibilityVersion = "Xcode 3.2";
			developmentRegion = English;
			hasScannedForEncodings = 0;
			knownRegions = (
				en,
				Base,
			);
			mainGroup = 6DA4F8A61B06BD5A004BAE46;
			productRefGroup = 6DA4F8B01B06BD5C004BAE46 /* Products */;
			projectDirPath = "";
			projectRoot = "";
			targets = (
				6DA4F8AE1B06BD5C004BAE46 /* CameraCollection */,
				6DA4F8CA1B06BD67004BAE46 /* CameraCollectionTests */,
			);
		};
/* End PBXProject section */

/* Begin PBXResourcesBuildPhase section */
		6DA4F8AD1B06BD5C004BAE46 /* Resources */ = {
			isa = PBXResourcesBuildPhase;
			buildActionMask = 2147483647;
			files = (
				6DA4F8C11B06BD65004BAE46 /* Main.storyboard in Resources */,
				6DA4F8C61B06BD67004BAE46 /* LaunchScreen.xib in Resources */,
				6DA4F8C31B06BD66004BAE46 /* Images.xcassets in Resources */,
			);
			runOnlyForDeploymentPostprocessing = 0;
		};
		6DA4F8C91B06BD67004BAE46 /* Resources */ = {
			isa = PBXResourcesBuildPhase;
			buildActionMask = 2147483647;
			files = (
			);
			runOnlyForDeploymentPostprocessing = 0;
		};
/* End PBXResourcesBuildPhase section */

/* Begin PBXSourcesBuildPhase section */
		6DA4F8AB1B06BD5C004BAE46 /* Sources */ = {
			isa = PBXSourcesBuildPhase;
			buildActionMask = 2147483647;
			files = (
				6DA4F8E01B06BFD2004BAE46 /* CameraCell.m in Sources */,
				6DA4F8E31B06C1B3004BAE46 /* Camera.m in Sources */,
				6DA4F8B81B06BD61004BAE46 /* AppDelegate.m in Sources */,
				6DA4F8DD1B06BE25004BAE46 /* CameraCollectionViewController.m in Sources */,
				6DA4F8B51B06BD5F004BAE46 /* main.m in Sources */,
			);
			runOnlyForDeploymentPostprocessing = 0;
		};
		6DA4F8C71B06BD67004BAE46 /* Sources */ = {
			isa = PBXSourcesBuildPhase;
			buildActionMask = 2147483647;
			files = (
				6DA4F8D21B06BD69004BAE46 /* CameraCollectionTests.m in Sources */,
			);
			runOnlyForDeploymentPostprocessing = 0;
		};
/* End PBXSourcesBuildPhase section */

/* Begin PBXTargetDependency section */
		6DA4F8CD1B06BD67004BAE46 /* PBXTargetDependency */ = {
			isa = PBXTargetDependency;
			target = 6DA4F8AE1B06BD5C004BAE46 /* CameraCollection */;
			targetProxy = 6DA4F8CC1B06BD67004BAE46 /* PBXContainerItemProxy */;
		};
/* End PBXTargetDependency section */

/* Begin PBXVariantGroup section */
		6DA4F8BF1B06BD65004BAE46 /* Main.storyboard */ = {
			isa = PBXVariantGroup;
			children = (
				6DA4F8C01B06BD65004BAE46 /* Base */,
			);
			name = Main.storyboard;
			sourceTree = "<group>";
		};
		6DA4F8C41B06BD67004BAE46 /* LaunchScreen.xib */ = {
			isa = PBXVariantGroup;
			children = (
				6DA4F8C51B06BD67004BAE46 /* Base */,
			);
			name = LaunchScreen.xib;
			sourceTree = "<group>";
		};
/* End PBXVariantGroup section */

/* Begin XCBuildConfiguration section */
		6DA4F8D31B06BD69004BAE46 /* Debug */ = {
			isa = XCBuildConfiguration;
			buildSettings = {
				ALWAYS_SEARCH_USER_PATHS = NO;
				CLANG_CXX_LANGUAGE_STANDARD = "gnu++0x";
				CLANG_CXX_LIBRARY = "libc++";
				CLANG_ENABLE_MODULES = YES;
				CLANG_ENABLE_OBJC_ARC = YES;
				CLANG_WARN_BOOL_CONVERSION = YES;
				CLANG_WARN_CONSTANT_CONVERSION = YES;
				CLANG_WARN_DIRECT_OBJC_ISA_USAGE = YES_ERROR;
				CLANG_WARN_EMPTY_BODY = YES;
				CLANG_WARN_ENUM_CONVERSION = YES;
				CLANG_WARN_INT_CONVERSION = YES;
				CLANG_WARN_OBJC_ROOT_CLASS = YES_ERROR;
				CLANG_WARN_UNREACHABLE_CODE = YES;
				CLANG_WARN__DUPLICATE_METHOD_MATCH = YES;
				"CODE_SIGN_IDENTITY[sdk=iphoneos*]" = "iPhone Developer";
				COPY_PHASE_STRIP = NO;
				DEBUG_INFORMATION_FORMAT = "dwarf-with-dsym";
				ENABLE_STRICT_OBJC_MSGSEND = YES;
				GCC_C_LANGUAGE_STANDARD = gnu99;
				GCC_DYNAMIC_NO_PIC = NO;
				GCC_NO_COMMON_BLOCKS = YES;
				GCC_OPTIMIZATION_LEVEL = 0;
				GCC_PREPROCESSOR_DEFINITIONS = (
					"DEBUG=1",
					"$(inherited)",
				);
				GCC_SYMBOLS_PRIVATE_EXTERN = NO;
				GCC_WARN_64_TO_32_BIT_CONVERSION = YES;
				GCC_WARN_ABOUT_RETURN_TYPE = YES_ERROR;
				GCC_WARN_UNDECLARED_SELECTOR = YES;
				GCC_WARN_UNINITIALIZED_AUTOS = YES_AGGRESSIVE;
				GCC_WARN_UNUSED_FUNCTION = YES;
				GCC_WARN_UNUSED_VARIABLE = YES;
				IPHONEOS_DEPLOYMENT_TARGET = 8.3;
				MTL_ENABLE_DEBUG_INFO = YES;
				ONLY_ACTIVE_ARCH = YES;
				SDKROOT = iphoneos;
				TARGETED_DEVICE_FAMILY = "1,2";
			};
			name = Debug;
		};
		6DA4F8D41B06BD69004BAE46 /* Release */ = {
			isa = XCBuildConfiguration;
			buildSettings = {
				ALWAYS_SEARCH_USER_PATHS = NO;
				CLANG_CXX_LANGUAGE_STANDARD = "gnu++0x";
				CLANG_CXX_LIBRARY = "libc++";
				CLANG_ENABLE_MODULES = YES;
				CLANG_ENABLE_OBJC_ARC = YES;
				CLANG_WARN_BOOL_CONVERSION = YES;
				CLANG_WARN_CONSTANT_CONVERSION = YES;
				CLANG_WARN_DIRECT_OBJC_ISA_USAGE = YES_ERROR;
				CLANG_WARN_EMPTY_BODY = YES;
				CLANG_WARN_ENUM_CONVERSION = YES;
				CLANG_WARN_INT_CONVERSION = YES;
				CLANG_WARN_OBJC_ROOT_CLASS = YES_ERROR;
				CLANG_WARN_UNREACHABLE_CODE = YES;
				CLANG_WARN__DUPLICATE_METHOD_MATCH = YES;
				"CODE_SIGN_IDENTITY[sdk=iphoneos*]" = "iPhone Developer";
				COPY_PHASE_STRIP = NO;
				DEBUG_INFORMATION_FORMAT = "dwarf-with-dsym";
				ENABLE_NS_ASSERTIONS = NO;
				ENABLE_STRICT_OBJC_MSGSEND = YES;
				GCC_C_LANGUAGE_STANDARD = gnu99;
				GCC_NO_COMMON_BLOCKS = YES;
				GCC_WARN_64_TO_32_BIT_CONVERSION = YES;
				GCC_WARN_ABOUT_RETURN_TYPE = YES_ERROR;
				GCC_WARN_UNDECLARED_SELECTOR = YES;
				GCC_WARN_UNINITIALIZED_AUTOS = YES_AGGRESSIVE;
				GCC_WARN_UNUSED_FUNCTION = YES;
				GCC_WARN_UNUSED_VARIABLE = YES;
				IPHONEOS_DEPLOYMENT_TARGET = 8.3;
				MTL_ENABLE_DEBUG_INFO = NO;
				SDKROOT = iphoneos;
				TARGETED_DEVICE_FAMILY = "1,2";
				VALIDATE_PRODUCT = YES;
			};
			name = Release;
		};
		6DA4F8D61B06BD69004BAE46 /* Debug */ = {
			isa = XCBuildConfiguration;
			buildSettings = {
				ASSETCATALOG_COMPILER_APPICON_NAME = AppIcon;
				INFOPLIST_FILE = CameraCollection/Info.plist;
				LD_RUNPATH_SEARCH_PATHS = "$(inherited) @executable_path/Frameworks";
				PRODUCT_NAME = "$(TARGET_NAME)";
			};
			name = Debug;
		};
		6DA4F8D71B06BD69004BAE46 /* Release */ = {
			isa = XCBuildConfiguration;
			buildSettings = {
				ASSETCATALOG_COMPILER_APPICON_NAME = AppIcon;
				INFOPLIST_FILE = CameraCollection/Info.plist;
				LD_RUNPATH_SEARCH_PATHS = "$(inherited) @executable_path/Frameworks";
				PRODUCT_NAME = "$(TARGET_NAME)";
			};
			name = Release;
		};
		6DA4F8D91B06BD69004BAE46 /* Debug */ = {
			isa = XCBuildConfiguration;
			buildSettings = {
				BUNDLE_LOADER = "$(TEST_HOST)";
				FRAMEWORK_SEARCH_PATHS = (
					"$(SDKROOT)/Developer/Library/Frameworks",
					"$(inherited)",
				);
				GCC_PREPROCESSOR_DEFINITIONS = (
					"DEBUG=1",
					"$(inherited)",
				);
				INFOPLIST_FILE = CameraCollectionTests/Info.plist;
				LD_RUNPATH_SEARCH_PATHS = "$(inherited) @executable_path/Frameworks @loader_path/Frameworks";
				PRODUCT_NAME = "$(TARGET_NAME)";
				TEST_HOST = "$(BUILT_PRODUCTS_DIR)/CameraCollection.app/CameraCollection";
			};
			name = Debug;
		};
		6DA4F8DA1B06BD69004BAE46 /* Release */ = {
			isa = XCBuildConfiguration;
			buildSettings = {
				BUNDLE_LOADER = "$(TEST_HOST)";
				FRAMEWORK_SEARCH_PATHS = (
					"$(SDKROOT)/Developer/Library/Frameworks",
					"$(inherited)",
				);
				INFOPLIST_FILE = CameraCollectionTests/Info.plist;
				LD_RUNPATH_SEARCH_PATHS = "$(inherited) @executable_path/Frameworks @loader_path/Frameworks";
				PRODUCT_NAME = "$(TARGET_NAME)";
				TEST_HOST = "$(BUILT_PRODUCTS_DIR)/CameraCollection.app/CameraCollection";
			};
			name = Release;
		};
/* End XCBuildConfiguration section */

/* Begin XCConfigurationList section */
		6DA4F8AA1B06BD5B004BAE46 /* Build configuration list for PBXProject "CameraCollection" */ = {
			isa = XCConfigurationList;
			buildConfigurations = (
				6DA4F8D31B06BD69004BAE46 /* Debug */,
				6DA4F8D41B06BD69004BAE46 /* Release */,
			);
			defaultConfigurationIsVisible = 0;
			defaultConfigurationName = Release;
		};
		6DA4F8D51B06BD69004BAE46 /* Build configuration list for PBXNativeTarget "CameraCollection" */ = {
			isa = XCConfigurationList;
			buildConfigurations = (
				6DA4F8D61B06BD69004BAE46 /* Debug */,
				6DA4F8D71B06BD69004BAE46 /* Release */,
			);
			defaultConfigurationIsVisible = 0;
		};
		6DA4F8D81B06BD69004BAE46 /* Build configuration list for PBXNativeTarget "CameraCollectionTests" */ = {
			isa = XCConfigurationList;
			buildConfigurations = (
				6DA4F8D91B06BD69004BAE46 /* Debug */,
				6DA4F8DA1B06BD69004BAE46 /* Release */,
			);
			defaultConfigurationIsVisible = 0;
		};
/* End XCConfigurationList section */
	};
	rootObject = 6DA4F8A71B06BD5B004BAE46 /* Project object */;
}
